
Microsoft Visual Studio Solution File, Format Version 12.00
# Visual Studio Version 16
VisualStudioVersion = 16.0.30114.105
MinimumVisualStudioVersion = 10.0.40219.1
Project("{2150E333-8FDC-42A3-9474-1A3956D46DE8}") = "src", "src", "{6003C35B-4574-49EF-9DB7-14B97DF817BE}"
	ProjectSection(SolutionItems) = preProject
		src\docker-compose.yml = src\docker-compose.yml
	EndProjectSection
EndProject
Project("{FAE04EC0-301F-11D3-BF4B-00C04F79EFBC}") = "Api", "src\Api\Api.csproj", "{6ECD058E-30FF-4ADB-BD17-21857D4989BC}"
EndProject
Project("{FAE04EC0-301F-11D3-BF4B-00C04F79EFBC}") = "Extract", "src\Extract\Extract.csproj", "{5F9466A7-7392-4A79-91D8-24D96D938BFB}"
EndProject
Project("{FAE04EC0-301F-11D3-BF4B-00C04F79EFBC}") = "Index", "src\Index\Index.csproj", "{32135BCB-F3D4-46C5-A160-F90CEA99EEFC}"
EndProject
Project("{FAE04EC0-301F-11D3-BF4B-00C04F79EFBC}") = "Resize", "src\Resize\Resize.csproj", "{0A757E7F-B4EF-413F-92A3-973314C10232}"
EndProject
Project("{FAE04EC0-301F-11D3-BF4B-00C04F79EFBC}") = "Watermark", "src\Watermark\Watermark.csproj", "{D7C815C8-63D0-4777-B0D5-775B3119D99C}"
EndProject
Project("{FAE04EC0-301F-11D3-BF4B-00C04F79EFBC}") = "Domain", "src\Domain\Domain.csproj", "{D0D0ACF6-9B5B-4B0B-A925-F3DC982F552A}"
EndProject
Project("{FAE04EC0-301F-11D3-BF4B-00C04F79EFBC}") = "Infrastructure", "src\Infrastructure\Infrastructure.csproj", "{94B81EAC-BDA5-4753-9A5E-4655ECD04F5D}"
EndProject
Project("{FAE04EC0-301F-11D3-BF4B-00C04F79EFBC}") = "Api.Tests", "src\Api.Tests\Api.Tests.csproj", "{E56A07B0-82D6-4200-B1FD-975505443650}"
EndProject
Project("{FAE04EC0-301F-11D3-BF4B-00C04F79EFBC}") = "Domain.Tests", "src\Domain.Tests\Domain.Tests.csproj", "{0DBD5DA3-85E7-4AD8-8973-54CA6A6BB374}"
EndProject
Global
	GlobalSection(SolutionConfigurationPlatforms) = preSolution
		Debug|Any CPU = Debug|Any CPU
		Release|Any CPU = Release|Any CPU
	EndGlobalSection
	GlobalSection(SolutionProperties) = preSolution
		HideSolutionNode = FALSE
	EndGlobalSection
	GlobalSection(ProjectConfigurationPlatforms) = postSolution
		{6ECD058E-30FF-4ADB-BD17-21857D4989BC}.Debug|Any CPU.ActiveCfg = Debug|Any CPU
		{6ECD058E-30FF-4ADB-BD17-21857D4989BC}.Debug|Any CPU.Build.0 = Debug|Any CPU
		{6ECD058E-30FF-4ADB-BD17-21857D4989BC}.Release|Any CPU.ActiveCfg = Release|Any CPU
		{6ECD058E-30FF-4ADB-BD17-21857D4989BC}.Release|Any CPU.Build.0 = Release|Any CPU
		{5F9466A7-7392-4A79-91D8-24D96D938BFB}.Debug|Any CPU.ActiveCfg = Debug|Any CPU
		{5F9466A7-7392-4A79-91D8-24D96D938BFB}.Debug|Any CPU.Build.0 = Debug|Any CPU
		{5F9466A7-7392-4A79-91D8-24D96D938BFB}.Release|Any CPU.ActiveCfg = Release|Any CPU
		{5F9466A7-7392-4A79-91D8-24D96D938BFB}.Release|Any CPU.Build.0 = Release|Any CPU
		{32135BCB-F3D4-46C5-A160-F90CEA99EEFC}.Debug|Any CPU.ActiveCfg = Debug|Any CPU
		{32135BCB-F3D4-46C5-A160-F90CEA99EEFC}.Debug|Any CPU.Build.0 = Debug|Any CPU
		{32135BCB-F3D4-46C5-A160-F90CEA99EEFC}.Release|Any CPU.ActiveCfg = Release|Any CPU
		{32135BCB-F3D4-46C5-A160-F90CEA99EEFC}.Release|Any CPU.Build.0 = Release|Any CPU
		{0A757E7F-B4EF-413F-92A3-973314C10232}.Debug|Any CPU.ActiveCfg = Debug|Any CPU
		{0A757E7F-B4EF-413F-92A3-973314C10232}.Debug|Any CPU.Build.0 = Debug|Any CPU
		{0A757E7F-B4EF-413F-92A3-973314C10232}.Release|Any CPU.ActiveCfg = Release|Any CPU
		{0A757E7F-B4EF-413F-92A3-973314C10232}.Release|Any CPU.Build.0 = Release|Any CPU
		{D7C815C8-63D0-4777-B0D5-775B3119D99C}.Debug|Any CPU.ActiveCfg = Debug|Any CPU
		{D7C815C8-63D0-4777-B0D5-775B3119D99C}.Debug|Any CPU.Build.0 = Debug|Any CPU
		{D7C815C8-63D0-4777-B0D5-775B3119D99C}.Release|Any CPU.ActiveCfg = Release|Any CPU
		{D7C815C8-63D0-4777-B0D5-775B3119D99C}.Release|Any CPU.Build.0 = Release|Any CPU
		{D0D0ACF6-9B5B-4B0B-A925-F3DC982F552A}.Debug|Any CPU.ActiveCfg = Debug|Any CPU
		{D0D0ACF6-9B5B-4B0B-A925-F3DC982F552A}.Debug|Any CPU.Build.0 = Debug|Any CPU
		{D0D0ACF6-9B5B-4B0B-A925-F3DC982F552A}.Release|Any CPU.ActiveCfg = Release|Any CPU
		{D0D0ACF6-9B5B-4B0B-A925-F3DC982F552A}.Release|Any CPU.Build.0 = Release|Any CPU
		{94B81EAC-BDA5-4753-9A5E-4655ECD04F5D}.Debug|Any CPU.ActiveCfg = Debug|Any CPU
		{94B81EAC-BDA5-4753-9A5E-4655ECD04F5D}.Debug|Any CPU.Build.0 = Debug|Any CPU
		{94B81EAC-BDA5-4753-9A5E-4655ECD04F5D}.Release|Any CPU.ActiveCfg = Release|Any CPU
		{94B81EAC-BDA5-4753-9A5E-4655ECD04F5D}.Release|Any CPU.Build.0 = Release|Any CPU
		{E56A07B0-82D6-4200-B1FD-975505443650}.Debug|Any CPU.ActiveCfg = Debug|Any CPU
		{E56A07B0-82D6-4200-B1FD-975505443650}.Debug|Any CPU.Build.0 = Debug|Any CPU
		{E56A07B0-82D6-4200-B1FD-975505443650}.Release|Any CPU.ActiveCfg = Release|Any CPU
		{E56A07B0-82D6-4200-B1FD-975505443650}.Release|Any CPU.Build.0 = Release|Any CPU
		{0DBD5DA3-85E7-4AD8-8973-54CA6A6BB374}.Debug|Any CPU.ActiveCfg = Debug|Any CPU
		{0DBD5DA3-85E7-4AD8-8973-54CA6A6BB374}.Debug|Any CPU.Build.0 = Debug|Any CPU
		{0DBD5DA3-85E7-4AD8-8973-54CA6A6BB374}.Release|Any CPU.ActiveCfg = Release|Any CPU
		{0DBD5DA3-85E7-4AD8-8973-54CA6A6BB374}.Release|Any CPU.Build.0 = Release|Any CPU
	EndGlobalSection
	GlobalSection(NestedProjects) = preSolution
		{6ECD058E-30FF-4ADB-BD17-21857D4989BC} = {6003C35B-4574-49EF-9DB7-14B97DF817BE}
		{5F9466A7-7392-4A79-91D8-24D96D938BFB} = {6003C35B-4574-49EF-9DB7-14B97DF817BE}
		{32135BCB-F3D4-46C5-A160-F90CEA99EEFC} = {6003C35B-4574-49EF-9DB7-14B97DF817BE}
		{0A757E7F-B4EF-413F-92A3-973314C10232} = {6003C35B-4574-49EF-9DB7-14B97DF817BE}
		{D7C815C8-63D0-4777-B0D5-775B3119D99C} = {6003C35B-4574-49EF-9DB7-14B97DF817BE}
		{D0D0ACF6-9B5B-4B0B-A925-F3DC982F552A} = {6003C35B-4574-49EF-9DB7-14B97DF817BE}
		{94B81EAC-BDA5-4753-9A5E-4655ECD04F5D} = {6003C35B-4574-49EF-9DB7-14B97DF817BE}
		{E56A07B0-82D6-4200-B1FD-975505443650} = {6003C35B-4574-49EF-9DB7-14B97DF817BE}
		{0DBD5DA3-85E7-4AD8-8973-54CA6A6BB374} = {6003C35B-4574-49EF-9DB7-14B97DF817BE}
	EndGlobalSection
EndGlobal
